
Microsoft Visual Studio Solution File, Format Version 12.00
# Visual Studio Version 17
VisualStudioVersion = 17.0.31903.59
MinimumVisualStudioVersion = 10.0.40219.1
Project("{2150E333-8FDC-42A3-9474-1A3956D46DE8}") = "src", "src", "{827E0CD3-B72D-47B6-A68D-7590B98EB39B}"
EndProject
Project("{FAE04EC0-301F-11D3-BF4B-00C04F79EFBC}") = "AIDeveloperAgent.Console", "src\AIDeveloperAgent.Console\AIDeveloperAgent.Console.csproj", "{7E420A65-2B9E-415C-B582-F6DFC2B2D94C}"
EndProject
Project("{FAE04EC0-301F-11D3-BF4B-00C04F79EFBC}") = "AIDeveloperAgent.Core", "src\AIDeveloperAgent.Core\AIDeveloperAgent.Core.csproj", "{05F0553C-1580-4AA9-B1DA-D371667754A3}"
EndProject
Project("{FAE04EC0-301F-11D3-BF4B-00C04F79EFBC}") = "AIDeveloperAgent.Agents", "src\AIDeveloperAgent.Agents\AIDeveloperAgent.Agents.csproj", "{584CF939-D8E8-4930-8672-65D15E47C074}"
EndProject
Project("{FAE04EC0-301F-11D3-BF4B-00C04F79EFBC}") = "AIDeveloperAgent.Tools", "src\AIDeveloperAgent.Tools\AIDeveloperAgent.Tools.csproj", "{FB7D0187-E5FF-4642-83DA-15B0875992A0}"
EndProject
Project("{FAE04EC0-301F-11D3-BF4B-00C04F79EFBC}") = "AIDeveloperAgent.Models", "src\AIDeveloperAgent.Models\AIDeveloperAgent.Models.csproj", "{CAC1374A-4F96-4BED-94C8-8C03B6D8842E}"
EndProject
Project("{FAE04EC0-301F-11D3-BF4B-00C04F79EFBC}") = "AIDeveloperAgent.Infrastructure", "src\AIDeveloperAgent.Infrastructure\AIDeveloperAgent.Infrastructure.csproj", "{B29B7DAF-61FA-404B-AF9B-AA7F91BCF780}"
EndProject
Global
	GlobalSection(SolutionConfigurationPlatforms) = preSolution
		Debug|Any CPU = Debug|Any CPU
		Debug|x64 = Debug|x64
		Debug|x86 = Debug|x86
		Release|Any CPU = Release|Any CPU
		Release|x64 = Release|x64
		Release|x86 = Release|x86
	EndGlobalSection
	GlobalSection(ProjectConfigurationPlatforms) = postSolution
		{7E420A65-2B9E-415C-B582-F6DFC2B2D94C}.Debug|Any CPU.ActiveCfg = Debug|Any CPU
		{7E420A65-2B9E-415C-B582-F6DFC2B2D94C}.Debug|Any CPU.Build.0 = Debug|Any CPU
		{7E420A65-2B9E-415C-B582-F6DFC2B2D94C}.Debug|x64.ActiveCfg = Debug|Any CPU
		{7E420A65-2B9E-415C-B582-F6DFC2B2D94C}.Debug|x64.Build.0 = Debug|Any CPU
		{7E420A65-2B9E-415C-B582-F6DFC2B2D94C}.Debug|x86.ActiveCfg = Debug|Any CPU
		{7E420A65-2B9E-415C-B582-F6DFC2B2D94C}.Debug|x86.Build.0 = Debug|Any CPU
		{7E420A65-2B9E-415C-B582-F6DFC2B2D94C}.Release|Any CPU.ActiveCfg = Release|Any CPU
		{7E420A65-2B9E-415C-B582-F6DFC2B2D94C}.Release|Any CPU.Build.0 = Release|Any CPU
		{7E420A65-2B9E-415C-B582-F6DFC2B2D94C}.Release|x64.ActiveCfg = Release|Any CPU
		{7E420A65-2B9E-415C-B582-F6DFC2B2D94C}.Release|x64.Build.0 = Release|Any CPU
		{7E420A65-2B9E-415C-B582-F6DFC2B2D94C}.Release|x86.ActiveCfg = Release|Any CPU
		{7E420A65-2B9E-415C-B582-F6DFC2B2D94C}.Release|x86.Build.0 = Release|Any CPU
		{05F0553C-1580-4AA9-B1DA-D371667754A3}.Debug|Any CPU.ActiveCfg = Debug|Any CPU
		{05F0553C-1580-4AA9-B1DA-D371667754A3}.Debug|Any CPU.Build.0 = Debug|Any CPU
		{05F0553C-1580-4AA9-B1DA-D371667754A3}.Debug|x64.ActiveCfg = Debug|Any CPU
		{05F0553C-1580-4AA9-B1DA-D371667754A3}.Debug|x64.Build.0 = Debug|Any CPU
		{05F0553C-1580-4AA9-B1DA-D371667754A3}.Debug|x86.ActiveCfg = Debug|Any CPU
		{05F0553C-1580-4AA9-B1DA-D371667754A3}.Debug|x86.Build.0 = Debug|Any CPU
		{05F0553C-1580-4AA9-B1DA-D371667754A3}.Release|Any CPU.ActiveCfg = Release|Any CPU
		{05F0553C-1580-4AA9-B1DA-D371667754A3}.Release|Any CPU.Build.0 = Release|Any CPU
		{05F0553C-1580-4AA9-B1DA-D371667754A3}.Release|x64.ActiveCfg = Release|Any CPU
		{05F0553C-1580-4AA9-B1DA-D371667754A3}.Release|x64.Build.0 = Release|Any CPU
		{05F0553C-1580-4AA9-B1DA-D371667754A3}.Release|x86.ActiveCfg = Release|Any CPU
		{05F0553C-1580-4AA9-B1DA-D371667754A3}.Release|x86.Build.0 = Release|Any CPU
		{584CF939-D8E8-4930-8672-65D15E47C074}.Debug|Any CPU.ActiveCfg = Debug|Any CPU
		{584CF939-D8E8-4930-8672-65D15E47C074}.Debug|Any CPU.Build.0 = Debug|Any CPU
		{584CF939-D8E8-4930-8672-65D15E47C074}.Debug|x64.ActiveCfg = Debug|Any CPU
		{584CF939-D8E8-4930-8672-65D15E47C074}.Debug|x64.Build.0 = Debug|Any CPU
		{584CF939-D8E8-4930-8672-65D15E47C074}.Debug|x86.ActiveCfg = Debug|Any CPU
		{584CF939-D8E8-4930-8672-65D15E47C074}.Debug|x86.Build.0 = Debug|Any CPU
		{584CF939-D8E8-4930-8672-65D15E47C074}.Release|Any CPU.ActiveCfg = Release|Any CPU
		{584CF939-D8E8-4930-8672-65D15E47C074}.Release|Any CPU.Build.0 = Release|Any CPU
		{584CF939-D8E8-4930-8672-65D15E47C074}.Release|x64.ActiveCfg = Release|Any CPU
		{584CF939-D8E8-4930-8672-65D15E47C074}.Release|x64.Build.0 = Release|Any CPU
		{584CF939-D8E8-4930-8672-65D15E47C074}.Release|x86.ActiveCfg = Release|Any CPU
		{584CF939-D8E8-4930-8672-65D15E47C074}.Release|x86.Build.0 = Release|Any CPU
		{FB7D0187-E5FF-4642-83DA-15B0875992A0}.Debug|Any CPU.ActiveCfg = Debug|Any CPU
		{FB7D0187-E5FF-4642-83DA-15B0875992A0}.Debug|Any CPU.Build.0 = Debug|Any CPU
		{FB7D0187-E5FF-4642-83DA-15B0875992A0}.Debug|x64.ActiveCfg = Debug|Any CPU
		{FB7D0187-E5FF-4642-83DA-15B0875992A0}.Debug|x64.Build.0 = Debug|Any CPU
		{FB7D0187-E5FF-4642-83DA-15B0875992A0}.Debug|x86.ActiveCfg = Debug|Any CPU
		{FB7D0187-E5FF-4642-83DA-15B0875992A0}.Debug|x86.Build.0 = Debug|Any CPU
		{FB7D0187-E5FF-4642-83DA-15B0875992A0}.Release|Any CPU.ActiveCfg = Release|Any CPU
		{FB7D0187-E5FF-4642-83DA-15B0875992A0}.Release|Any CPU.Build.0 = Release|Any CPU
		{FB7D0187-E5FF-4642-83DA-15B0875992A0}.Release|x64.ActiveCfg = Release|Any CPU
		{FB7D0187-E5FF-4642-83DA-15B0875992A0}.Release|x64.Build.0 = Release|Any CPU
		{FB7D0187-E5FF-4642-83DA-15B0875992A0}.Release|x86.ActiveCfg = Release|Any CPU
		{FB7D0187-E5FF-4642-83DA-15B0875992A0}.Release|x86.Build.0 = Release|Any CPU
		{CAC1374A-4F96-4BED-94C8-8C03B6D8842E}.Debug|Any CPU.ActiveCfg = Debug|Any CPU
		{CAC1374A-4F96-4BED-94C8-8C03B6D8842E}.Debug|Any CPU.Build.0 = Debug|Any CPU
		{CAC1374A-4F96-4BED-94C8-8C03B6D8842E}.Debug|x64.ActiveCfg = Debug|Any CPU
		{CAC1374A-4F96-4BED-94C8-8C03B6D8842E}.Debug|x64.Build.0 = Debug|Any CPU
		{CAC1374A-4F96-4BED-94C8-8C03B6D8842E}.Debug|x86.ActiveCfg = Debug|Any CPU
		{CAC1374A-4F96-4BED-94C8-8C03B6D8842E}.Debug|x86.Build.0 = Debug|Any CPU
		{CAC1374A-4F96-4BED-94C8-8C03B6D8842E}.Release|Any CPU.ActiveCfg = Release|Any CPU
		{CAC1374A-4F96-4BED-94C8-8C03B6D8842E}.Release|Any CPU.Build.0 = Release|Any CPU
		{CAC1374A-4F96-4BED-94C8-8C03B6D8842E}.Release|x64.ActiveCfg = Release|Any CPU
		{CAC1374A-4F96-4BED-94C8-8C03B6D8842E}.Release|x64.Build.0 = Release|Any CPU
		{CAC1374A-4F96-4BED-94C8-8C03B6D8842E}.Release|x86.ActiveCfg = Release|Any CPU
		{CAC1374A-4F96-4BED-94C8-8C03B6D8842E}.Release|x86.Build.0 = Release|Any CPU
		{B29B7DAF-61FA-404B-AF9B-AA7F91BCF780}.Debug|Any CPU.ActiveCfg = Debug|Any CPU
		{B29B7DAF-61FA-404B-AF9B-AA7F91BCF780}.Debug|Any CPU.Build.0 = Debug|Any CPU
		{B29B7DAF-61FA-404B-AF9B-AA7F91BCF780}.Debug|x64.ActiveCfg = Debug|Any CPU
		{B29B7DAF-61FA-404B-AF9B-AA7F91BCF780}.Debug|x64.Build.0 = Debug|Any CPU
		{B29B7DAF-61FA-404B-AF9B-AA7F91BCF780}.Debug|x86.ActiveCfg = Debug|Any CPU
		{B29B7DAF-61FA-404B-AF9B-AA7F91BCF780}.Debug|x86.Build.0 = Debug|Any CPU
		{B29B7DAF-61FA-404B-AF9B-AA7F91BCF780}.Release|Any CPU.ActiveCfg = Release|Any CPU
		{B29B7DAF-61FA-404B-AF9B-AA7F91BCF780}.Release|Any CPU.Build.0 = Release|Any CPU
		{B29B7DAF-61FA-404B-AF9B-AA7F91BCF780}.Release|x64.ActiveCfg = Release|Any CPU
		{B29B7DAF-61FA-404B-AF9B-AA7F91BCF780}.Release|x64.Build.0 = Release|Any CPU
		{B29B7DAF-61FA-404B-AF9B-AA7F91BCF780}.Release|x86.ActiveCfg = Release|Any CPU
		{B29B7DAF-61FA-404B-AF9B-AA7F91BCF780}.Release|x86.Build.0 = Release|Any CPU
	EndGlobalSection
	GlobalSection(SolutionProperties) = preSolution
		HideSolutionNode = FALSE
	EndGlobalSection
	GlobalSection(NestedProjects) = preSolution
		{7E420A65-2B9E-415C-B582-F6DFC2B2D94C} = {827E0CD3-B72D-47B6-A68D-7590B98EB39B}
		{05F0553C-1580-4AA9-B1DA-D371667754A3} = {827E0CD3-B72D-47B6-A68D-7590B98EB39B}
		{584CF939-D8E8-4930-8672-65D15E47C074} = {827E0CD3-B72D-47B6-A68D-7590B98EB39B}
		{FB7D0187-E5FF-4642-83DA-15B0875992A0} = {827E0CD3-B72D-47B6-A68D-7590B98EB39B}
		{CAC1374A-4F96-4BED-94C8-8C03B6D8842E} = {827E0CD3-B72D-47B6-A68D-7590B98EB39B}
		{B29B7DAF-61FA-404B-AF9B-AA7F91BCF780} = {827E0CD3-B72D-47B6-A68D-7590B98EB39B}
	EndGlobalSection
EndGlobal
